
Microsoft Visual Studio Solution File, Format Version 12.00
# Visual Studio Version 17
VisualStudioVersion = 17.2.32519.379
MinimumVisualStudioVersion = 10.0.40219.1
Project("{2150E333-8FDC-42A3-9474-1A3956D46DE8}") = "Solution items", "Solution items", "{F5E8D030-48C5-4044-BF3A-55C781AC8058}"
	ProjectSection(SolutionItems) = preProject
		docker-compose.override.yml = docker-compose.override.yml
		docker-compose.yml = docker-compose.yml
		global.json = global.json
		README.md = README.md
	EndProjectSection
EndProject
Project("{2150E333-8FDC-42A3-9474-1A3956D46DE8}") = "src", "src", "{AC4A3D80-F0A3-4EBF-9CE2-D3C0E514F3C3}"
	ProjectSection(SolutionItems) = preProject
		docker-compose.override.yml = docker-compose.override.yml
		docker-compose.yml = docker-compose.yml
	EndProjectSection
EndProject
Project("{2150E333-8FDC-42A3-9474-1A3956D46DE8}") = "tests", "tests", "{AEA8F9FE-FA7B-43FB-B4DE-FDE9FFA421E2}"
EndProject
Project("{2150E333-8FDC-42A3-9474-1A3956D46DE8}") = "ApiGateways", "ApiGateways", "{C50D158F-AF01-4D53-AF42-7960FAAB04CE}"
EndProject
Project("{2150E333-8FDC-42A3-9474-1A3956D46DE8}") = "BuildingBlocks", "BuildingBlocks", "{E17EF0C4-1602-4F6F-8CD1-25CE88CD5861}"
EndProject
Project("{2150E333-8FDC-42A3-9474-1A3956D46DE8}") = "Services", "Services", "{31868192-A73A-4ED5-BD39-6ABC5592AEA2}"
EndProject
Project("{2150E333-8FDC-42A3-9474-1A3956D46DE8}") = "WebApps", "WebApps", "{B1AE3FC7-5CF9-49D2-AFB8-66CF44643333}"
EndProject
Project("{9A19103F-16F7-4668-BE54-9A1E7A4F7556}") = "Common.Logging", "src\BuildingBlocks\Common.Logging\Common.Logging.csproj", "{DE99617E-3712-4591-8C77-381C1C216665}"
EndProject
Project("{9A19103F-16F7-4668-BE54-9A1E7A4F7556}") = "EnventBus.Messages", "src\BuildingBlocks\EnventBus.Messages\EnventBus.Messages.csproj", "{3C498072-5796-4710-9840-1D0596CBA452}"
EndProject
Project("{2150E333-8FDC-42A3-9474-1A3956D46DE8}") = "Product", "Product", "{F457E036-42B9-4670-B368-FDFDD3A7CB1C}"
EndProject
Project("{2150E333-8FDC-42A3-9474-1A3956D46DE8}") = "Customer", "Customer", "{93BB198D-BA9D-4B0F-A7D3-9755B693B525}"
EndProject
Project("{2150E333-8FDC-42A3-9474-1A3956D46DE8}") = "Basket", "Basket", "{7FBF7674-769F-4517-BCE3-FBA4FDBC834D}"
EndProject
Project("{2150E333-8FDC-42A3-9474-1A3956D46DE8}") = "Ordering", "Ordering", "{C2394CA5-F9D4-462D-B7A4-CFB29CFF5737}"
EndProject
Project("{2150E333-8FDC-42A3-9474-1A3956D46DE8}") = "Inventory", "Inventory", "{09F86540-2198-4E8B-B105-ECB754FB02EE}"
EndProject
Project("{2150E333-8FDC-42A3-9474-1A3956D46DE8}") = "ScheduledJob", "ScheduledJob", "{757EA59A-BB34-45CD-B81B-2269BD0F1247}"
EndProject
Project("{9A19103F-16F7-4668-BE54-9A1E7A4F7556}") = "WebHealthStatus", "src\WebApps\WebHealthStatus\WebHealthStatus.csproj", "{EFC644A5-6397-4F56-8EA6-1B62915FF6FD}"
EndProject
Project("{9A19103F-16F7-4668-BE54-9A1E7A4F7556}") = "Basket.API", "src\Services\Basket.API\Basket.API.csproj", "{C5152D1E-6FAB-4B2D-BE41-F3740530555D}"
EndProject
Project("{9A19103F-16F7-4668-BE54-9A1E7A4F7556}") = "Customer.API", "src\Services\Customer.API\Customer.API.csproj", "{0B1E28B4-EA42-42A9-AEAF-A9D41E8662FF}"
EndProject
Project("{9A19103F-16F7-4668-BE54-9A1E7A4F7556}") = "Inventory.Product.API", "src\Services\Inventory.Product.API\Inventory.Product.API.csproj", "{C8B4C696-0592-4C12-87C0-17E3701D2448}"
EndProject
Project("{9A19103F-16F7-4668-BE54-9A1E7A4F7556}") = "Product.API", "src\Services\Product.API\Product.API.csproj", "{B6103F30-2015-475A-883D-A283F109C1A2}"
EndProject
Project("{9A19103F-16F7-4668-BE54-9A1E7A4F7556}") = "Ordering.API", "src\Services\Ordering.API\Ordering.API.csproj", "{D7C58232-8AAB-48E3-AA57-7AF2C5A46889}"
EndProject
Project("{9A19103F-16F7-4668-BE54-9A1E7A4F7556}") = "Contracts", "src\BuildingBlocks\Contracts\Contracts.csproj", "{0DA28936-8447-4370-88AF-1782476D2688}"
EndProject
Project("{9A19103F-16F7-4668-BE54-9A1E7A4F7556}") = "Hangfire.API", "src\Services\Hangfire.API\Hangfire.API.csproj", "{DC5C6C00-EF90-4426-BE14-759929072309}"
EndProject
Project("{9A19103F-16F7-4668-BE54-9A1E7A4F7556}") = "Shared", "src\BuildingBlocks\Shared\Shared.csproj", "{C498F012-71DF-4C7F-A16C-C40FC133EC7C}"
EndProject
Project("{9A19103F-16F7-4668-BE54-9A1E7A4F7556}") = "Infratructure", "src\BuildingBlocks\Infratructure\Infratructure.csproj", "{18DB988A-9400-4BB4-81BA-1721DA5A9F2E}"
EndProject
Project("{9A19103F-16F7-4668-BE54-9A1E7A4F7556}") = "OcelotApiGw", "src\ApiGateways\OcelotApiGw\OcelotApiGw.csproj", "{234E00D3-2748-49A6-AB3F-F4CBB140E49A}"
EndProject
Global
	GlobalSection(SolutionConfigurationPlatforms) = preSolution
		Debug|Any CPU = Debug|Any CPU
		Release|Any CPU = Release|Any CPU
	EndGlobalSection
	GlobalSection(ProjectConfigurationPlatforms) = postSolution
		{DE99617E-3712-4591-8C77-381C1C216665}.Debug|Any CPU.ActiveCfg = Debug|Any CPU
		{DE99617E-3712-4591-8C77-381C1C216665}.Debug|Any CPU.Build.0 = Debug|Any CPU
		{DE99617E-3712-4591-8C77-381C1C216665}.Release|Any CPU.ActiveCfg = Release|Any CPU
		{DE99617E-3712-4591-8C77-381C1C216665}.Release|Any CPU.Build.0 = Release|Any CPU
		{3C498072-5796-4710-9840-1D0596CBA452}.Debug|Any CPU.ActiveCfg = Debug|Any CPU
		{3C498072-5796-4710-9840-1D0596CBA452}.Debug|Any CPU.Build.0 = Debug|Any CPU
		{3C498072-5796-4710-9840-1D0596CBA452}.Release|Any CPU.ActiveCfg = Release|Any CPU
		{3C498072-5796-4710-9840-1D0596CBA452}.Release|Any CPU.Build.0 = Release|Any CPU
		{EFC644A5-6397-4F56-8EA6-1B62915FF6FD}.Debug|Any CPU.ActiveCfg = Debug|Any CPU
		{EFC644A5-6397-4F56-8EA6-1B62915FF6FD}.Debug|Any CPU.Build.0 = Debug|Any CPU
		{EFC644A5-6397-4F56-8EA6-1B62915FF6FD}.Release|Any CPU.ActiveCfg = Release|Any CPU
		{EFC644A5-6397-4F56-8EA6-1B62915FF6FD}.Release|Any CPU.Build.0 = Release|Any CPU
		{C5152D1E-6FAB-4B2D-BE41-F3740530555D}.Debug|Any CPU.ActiveCfg = Debug|Any CPU
		{C5152D1E-6FAB-4B2D-BE41-F3740530555D}.Debug|Any CPU.Build.0 = Debug|Any CPU
		{C5152D1E-6FAB-4B2D-BE41-F3740530555D}.Release|Any CPU.ActiveCfg = Release|Any CPU
		{C5152D1E-6FAB-4B2D-BE41-F3740530555D}.Release|Any CPU.Build.0 = Release|Any CPU
		{0B1E28B4-EA42-42A9-AEAF-A9D41E8662FF}.Debug|Any CPU.ActiveCfg = Debug|Any CPU
		{0B1E28B4-EA42-42A9-AEAF-A9D41E8662FF}.Debug|Any CPU.Build.0 = Debug|Any CPU
		{0B1E28B4-EA42-42A9-AEAF-A9D41E8662FF}.Release|Any CPU.ActiveCfg = Release|Any CPU
		{0B1E28B4-EA42-42A9-AEAF-A9D41E8662FF}.Release|Any CPU.Build.0 = Release|Any CPU
		{C8B4C696-0592-4C12-87C0-17E3701D2448}.Debug|Any CPU.ActiveCfg = Debug|Any CPU
		{C8B4C696-0592-4C12-87C0-17E3701D2448}.Debug|Any CPU.Build.0 = Debug|Any CPU
		{C8B4C696-0592-4C12-87C0-17E3701D2448}.Release|Any CPU.ActiveCfg = Release|Any CPU
		{C8B4C696-0592-4C12-87C0-17E3701D2448}.Release|Any CPU.Build.0 = Release|Any CPU
		{B6103F30-2015-475A-883D-A283F109C1A2}.Debug|Any CPU.ActiveCfg = Debug|Any CPU
		{B6103F30-2015-475A-883D-A283F109C1A2}.Debug|Any CPU.Build.0 = Debug|Any CPU
		{B6103F30-2015-475A-883D-A283F109C1A2}.Release|Any CPU.ActiveCfg = Release|Any CPU
		{B6103F30-2015-475A-883D-A283F109C1A2}.Release|Any CPU.Build.0 = Release|Any CPU
		{D7C58232-8AAB-48E3-AA57-7AF2C5A46889}.Debug|Any CPU.ActiveCfg = Debug|Any CPU
		{D7C58232-8AAB-48E3-AA57-7AF2C5A46889}.Debug|Any CPU.Build.0 = Debug|Any CPU
		{D7C58232-8AAB-48E3-AA57-7AF2C5A46889}.Release|Any CPU.ActiveCfg = Release|Any CPU
		{D7C58232-8AAB-48E3-AA57-7AF2C5A46889}.Release|Any CPU.Build.0 = Release|Any CPU
		{0DA28936-8447-4370-88AF-1782476D2688}.Debug|Any CPU.ActiveCfg = Debug|Any CPU
		{0DA28936-8447-4370-88AF-1782476D2688}.Debug|Any CPU.Build.0 = Debug|Any CPU
		{0DA28936-8447-4370-88AF-1782476D2688}.Release|Any CPU.ActiveCfg = Release|Any CPU
		{0DA28936-8447-4370-88AF-1782476D2688}.Release|Any CPU.Build.0 = Release|Any CPU
		{DC5C6C00-EF90-4426-BE14-759929072309}.Debug|Any CPU.ActiveCfg = Debug|Any CPU
		{DC5C6C00-EF90-4426-BE14-759929072309}.Debug|Any CPU.Build.0 = Debug|Any CPU
		{DC5C6C00-EF90-4426-BE14-759929072309}.Release|Any CPU.ActiveCfg = Release|Any CPU
		{DC5C6C00-EF90-4426-BE14-759929072309}.Release|Any CPU.Build.0 = Release|Any CPU
		{C498F012-71DF-4C7F-A16C-C40FC133EC7C}.Debug|Any CPU.ActiveCfg = Debug|Any CPU
		{C498F012-71DF-4C7F-A16C-C40FC133EC7C}.Debug|Any CPU.Build.0 = Debug|Any CPU
		{C498F012-71DF-4C7F-A16C-C40FC133EC7C}.Release|Any CPU.ActiveCfg = Release|Any CPU
		{C498F012-71DF-4C7F-A16C-C40FC133EC7C}.Release|Any CPU.Build.0 = Release|Any CPU
		{18DB988A-9400-4BB4-81BA-1721DA5A9F2E}.Debug|Any CPU.ActiveCfg = Debug|Any CPU
		{18DB988A-9400-4BB4-81BA-1721DA5A9F2E}.Debug|Any CPU.Build.0 = Debug|Any CPU
		{18DB988A-9400-4BB4-81BA-1721DA5A9F2E}.Release|Any CPU.ActiveCfg = Release|Any CPU
		{18DB988A-9400-4BB4-81BA-1721DA5A9F2E}.Release|Any CPU.Build.0 = Release|Any CPU
		{234E00D3-2748-49A6-AB3F-F4CBB140E49A}.Debug|Any CPU.ActiveCfg = Debug|Any CPU
		{234E00D3-2748-49A6-AB3F-F4CBB140E49A}.Debug|Any CPU.Build.0 = Debug|Any CPU
		{234E00D3-2748-49A6-AB3F-F4CBB140E49A}.Release|Any CPU.ActiveCfg = Release|Any CPU
		{234E00D3-2748-49A6-AB3F-F4CBB140E49A}.Release|Any CPU.Build.0 = Release|Any CPU
	EndGlobalSection
	GlobalSection(SolutionProperties) = preSolution
		HideSolutionNode = FALSE
	EndGlobalSection
	GlobalSection(NestedProjects) = preSolution
		{C50D158F-AF01-4D53-AF42-7960FAAB04CE} = {AC4A3D80-F0A3-4EBF-9CE2-D3C0E514F3C3}
		{E17EF0C4-1602-4F6F-8CD1-25CE88CD5861} = {AC4A3D80-F0A3-4EBF-9CE2-D3C0E514F3C3}
		{31868192-A73A-4ED5-BD39-6ABC5592AEA2} = {AC4A3D80-F0A3-4EBF-9CE2-D3C0E514F3C3}
		{B1AE3FC7-5CF9-49D2-AFB8-66CF44643333} = {AC4A3D80-F0A3-4EBF-9CE2-D3C0E514F3C3}
		{DE99617E-3712-4591-8C77-381C1C216665} = {E17EF0C4-1602-4F6F-8CD1-25CE88CD5861}
		{3C498072-5796-4710-9840-1D0596CBA452} = {E17EF0C4-1602-4F6F-8CD1-25CE88CD5861}
		{F457E036-42B9-4670-B368-FDFDD3A7CB1C} = {31868192-A73A-4ED5-BD39-6ABC5592AEA2}
		{93BB198D-BA9D-4B0F-A7D3-9755B693B525} = {31868192-A73A-4ED5-BD39-6ABC5592AEA2}
		{7FBF7674-769F-4517-BCE3-FBA4FDBC834D} = {31868192-A73A-4ED5-BD39-6ABC5592AEA2}
		{C2394CA5-F9D4-462D-B7A4-CFB29CFF5737} = {31868192-A73A-4ED5-BD39-6ABC5592AEA2}
		{09F86540-2198-4E8B-B105-ECB754FB02EE} = {31868192-A73A-4ED5-BD39-6ABC5592AEA2}
		{757EA59A-BB34-45CD-B81B-2269BD0F1247} = {31868192-A73A-4ED5-BD39-6ABC5592AEA2}
		{EFC644A5-6397-4F56-8EA6-1B62915FF6FD} = {B1AE3FC7-5CF9-49D2-AFB8-66CF44643333}
		{C5152D1E-6FAB-4B2D-BE41-F3740530555D} = {7FBF7674-769F-4517-BCE3-FBA4FDBC834D}
		{0B1E28B4-EA42-42A9-AEAF-A9D41E8662FF} = {93BB198D-BA9D-4B0F-A7D3-9755B693B525}
		{C8B4C696-0592-4C12-87C0-17E3701D2448} = {09F86540-2198-4E8B-B105-ECB754FB02EE}
		{B6103F30-2015-475A-883D-A283F109C1A2} = {F457E036-42B9-4670-B368-FDFDD3A7CB1C}
		{D7C58232-8AAB-48E3-AA57-7AF2C5A46889} = {C2394CA5-F9D4-462D-B7A4-CFB29CFF5737}
		{0DA28936-8447-4370-88AF-1782476D2688} = {E17EF0C4-1602-4F6F-8CD1-25CE88CD5861}
		{DC5C6C00-EF90-4426-BE14-759929072309} = {757EA59A-BB34-45CD-B81B-2269BD0F1247}
		{C498F012-71DF-4C7F-A16C-C40FC133EC7C} = {E17EF0C4-1602-4F6F-8CD1-25CE88CD5861}
		{18DB988A-9400-4BB4-81BA-1721DA5A9F2E} = {E17EF0C4-1602-4F6F-8CD1-25CE88CD5861}
		{234E00D3-2748-49A6-AB3F-F4CBB140E49A} = {C50D158F-AF01-4D53-AF42-7960FAAB04CE}
	EndGlobalSection
	GlobalSection(ExtensibilityGlobals) = postSolution
		SolutionGuid = {3E09030A-4844-43C3-AEAD-A7EEE5CF6F2E}
	EndGlobalSection
EndGlobal
