
Microsoft Visual Studio Solution File, Format Version 12.00
# Visual Studio Version 17
VisualStudioVersion = 17.2.32519.379
MinimumVisualStudioVersion = 10.0.40219.1
Project("{2150E333-8FDC-42A3-9474-1A3956D46DE8}") = "src", "src", "{AC4A3D80-F0A3-4EBF-9CE2-D3C0E514F3C3}"
	ProjectSection(SolutionItems) = preProject
		docker-compose.override.yml = docker-compose.override.yml
		docker-compose.yml = docker-compose.yml
	EndProjectSection
EndProject
Project("{2150E333-8FDC-42A3-9474-1A3956D46DE8}") = "tests", "tests", "{AEA8F9FE-FA7B-43FB-B4DE-FDE9FFA421E2}"
EndProject
Project("{2150E333-8FDC-42A3-9474-1A3956D46DE8}") = "Services", "Services", "{31868192-A73A-4ED5-BD39-6ABC5592AEA2}"
EndProject
Project("{2150E333-8FDC-42A3-9474-1A3956D46DE8}") = "WebApps", "WebApps", "{B1AE3FC7-5CF9-49D2-AFB8-66CF44643333}"
EndProject
Project("{2150E333-8FDC-42A3-9474-1A3956D46DE8}") = "Ordering", "Ordering", "{C2394CA5-F9D4-462D-B7A4-CFB29CFF5737}"
EndProject
Project("{2150E333-8FDC-42A3-9474-1A3956D46DE8}") = "Inventory", "Inventory", "{09F86540-2198-4E8B-B105-ECB754FB02EE}"
EndProject
Project("{2150E333-8FDC-42A3-9474-1A3956D46DE8}") = "ScheduledJob", "ScheduledJob", "{757EA59A-BB34-45CD-B81B-2269BD0F1247}"
EndProject
Project("{9A19103F-16F7-4668-BE54-9A1E7A4F7556}") = "WebHealthStatus", "src\WebApps\WebHealthStatus\WebHealthStatus.csproj", "{EFC644A5-6397-4F56-8EA6-1B62915FF6FD}"
EndProject
Project("{9A19103F-16F7-4668-BE54-9A1E7A4F7556}") = "Inventory.Product.API", "src\Services\Inventory.Product.API\Inventory.Product.API.csproj", "{C8B4C696-0592-4C12-87C0-17E3701D2448}"
EndProject
Project("{9A19103F-16F7-4668-BE54-9A1E7A4F7556}") = "Ordering.API", "src\Services\Ordering.API\Ordering.API.csproj", "{D7C58232-8AAB-48E3-AA57-7AF2C5A46889}"
EndProject
Project("{9A19103F-16F7-4668-BE54-9A1E7A4F7556}") = "Hangfire.API", "src\Services\Hangfire.API\Hangfire.API.csproj", "{DC5C6C00-EF90-4426-BE14-759929072309}"
EndProject
Global
	GlobalSection(SolutionConfigurationPlatforms) = preSolution
		Debug|Any CPU = Debug|Any CPU
		Release|Any CPU = Release|Any CPU
	EndGlobalSection
	GlobalSection(ProjectConfigurationPlatforms) = postSolution
		{EFC644A5-6397-4F56-8EA6-1B62915FF6FD}.Debug|Any CPU.ActiveCfg = Debug|Any CPU
		{EFC644A5-6397-4F56-8EA6-1B62915FF6FD}.Debug|Any CPU.Build.0 = Debug|Any CPU
		{EFC644A5-6397-4F56-8EA6-1B62915FF6FD}.Release|Any CPU.ActiveCfg = Release|Any CPU
		{EFC644A5-6397-4F56-8EA6-1B62915FF6FD}.Release|Any CPU.Build.0 = Release|Any CPU
		{C8B4C696-0592-4C12-87C0-17E3701D2448}.Debug|Any CPU.ActiveCfg = Debug|Any CPU
		{C8B4C696-0592-4C12-87C0-17E3701D2448}.Debug|Any CPU.Build.0 = Debug|Any CPU
		{C8B4C696-0592-4C12-87C0-17E3701D2448}.Release|Any CPU.ActiveCfg = Release|Any CPU
		{C8B4C696-0592-4C12-87C0-17E3701D2448}.Release|Any CPU.Build.0 = Release|Any CPU
		{D7C58232-8AAB-48E3-AA57-7AF2C5A46889}.Debug|Any CPU.ActiveCfg = Debug|Any CPU
		{D7C58232-8AAB-48E3-AA57-7AF2C5A46889}.Debug|Any CPU.Build.0 = Debug|Any CPU
		{D7C58232-8AAB-48E3-AA57-7AF2C5A46889}.Release|Any CPU.ActiveCfg = Release|Any CPU
		{D7C58232-8AAB-48E3-AA57-7AF2C5A46889}.Release|Any CPU.Build.0 = Release|Any CPU
		{DC5C6C00-EF90-4426-BE14-759929072309}.Debug|Any CPU.ActiveCfg = Debug|Any CPU
		{DC5C6C00-EF90-4426-BE14-759929072309}.Debug|Any CPU.Build.0 = Debug|Any CPU
		{DC5C6C00-EF90-4426-BE14-759929072309}.Release|Any CPU.ActiveCfg = Release|Any CPU
		{DC5C6C00-EF90-4426-BE14-759929072309}.Release|Any CPU.Build.0 = Release|Any CPU
	EndGlobalSection
	GlobalSection(SolutionProperties) = preSolution
		HideSolutionNode = FALSE
	EndGlobalSection
	GlobalSection(NestedProjects) = preSolution
		{31868192-A73A-4ED5-BD39-6ABC5592AEA2} = {AC4A3D80-F0A3-4EBF-9CE2-D3C0E514F3C3}
		{B1AE3FC7-5CF9-49D2-AFB8-66CF44643333} = {AC4A3D80-F0A3-4EBF-9CE2-D3C0E514F3C3}
		{C2394CA5-F9D4-462D-B7A4-CFB29CFF5737} = {31868192-A73A-4ED5-BD39-6ABC5592AEA2}
		{09F86540-2198-4E8B-B105-ECB754FB02EE} = {31868192-A73A-4ED5-BD39-6ABC5592AEA2}
		{757EA59A-BB34-45CD-B81B-2269BD0F1247} = {31868192-A73A-4ED5-BD39-6ABC5592AEA2}
		{EFC644A5-6397-4F56-8EA6-1B62915FF6FD} = {B1AE3FC7-5CF9-49D2-AFB8-66CF44643333}
		{C8B4C696-0592-4C12-87C0-17E3701D2448} = {09F86540-2198-4E8B-B105-ECB754FB02EE}
		{D7C58232-8AAB-48E3-AA57-7AF2C5A46889} = {C2394CA5-F9D4-462D-B7A4-CFB29CFF5737}
		{DC5C6C00-EF90-4426-BE14-759929072309} = {757EA59A-BB34-45CD-B81B-2269BD0F1247}
	EndGlobalSection
	GlobalSection(ExtensibilityGlobals) = postSolution
		SolutionGuid = {3E09030A-4844-43C3-AEAD-A7EEE5CF6F2E}
	EndGlobalSection
EndGlobal
