
Microsoft Visual Studio Solution File, Format Version 12.00
# Visual Studio Version 17
VisualStudioVersion = 17.2.32519.379
MinimumVisualStudioVersion = 10.0.40219.1
Project("{2150E333-8FDC-42A3-9474-1A3956D46DE8}") = "src", "src", "{6A546D87-40D0-4BC6-AC5C-47619DB257E5}"
EndProject
Project("{2150E333-8FDC-42A3-9474-1A3956D46DE8}") = "tests", "tests", "{6F054C44-F6A7-4FA4-AB4C-371938BE2E5A}"
EndProject
Project("{2150E333-8FDC-42A3-9474-1A3956D46DE8}") = "Services", "Services", "{1AA01AC0-FD32-47D5-B7B9-55C551A5A936}"
EndProject
Project("{2150E333-8FDC-42A3-9474-1A3956D46DE8}") = "WebApps", "WebApps", "{90D01049-6203-4AF1-A73E-527484752BB9}"
EndProject
Project("{2150E333-8FDC-42A3-9474-1A3956D46DE8}") = "Inventory", "Inventory", "{1E89037C-C01C-4C7E-B195-A1FA41ADF3C4}"
EndProject
Project("{2150E333-8FDC-42A3-9474-1A3956D46DE8}") = "ScheduledJob", "ScheduledJob", "{8F787503-551A-41C7-8E37-B1FA9189059E}"
EndProject
Project("{9A19103F-16F7-4668-BE54-9A1E7A4F7556}") = "WebHealthStatus", "src\WebApps\WebHealthStatus\WebHealthStatus.csproj", "{1F53F761-52F8-4E8A-8075-851C4A1AC6C4}"
EndProject
Project("{9A19103F-16F7-4668-BE54-9A1E7A4F7556}") = "Hangfire.API", "src\Services\Hangfire.API\Hangfire.API.csproj", "{013C5997-FC17-4B81-B6D4-2F52834A2CD7}"
EndProject
Project("{2150E333-8FDC-42A3-9474-1A3956D46DE8}") = "Product", "Product", "{EE1F605B-67C1-40B5-8501-AE8AF3F0EC77}"
EndProject
Project("{9A19103F-16F7-4668-BE54-9A1E7A4F7556}") = "Product.API", "src\Services\Product.API\Product.API.csproj", "{FD752B71-AB47-46A1-92AE-BB31F08E792C}"
EndProject
Project("{2150E333-8FDC-42A3-9474-1A3956D46DE8}") = "BuildingBlocks", "BuildingBlocks", "{15436031-AD1F-4C3D-91ED-2A1CF9911A11}"
EndProject
Project("{2150E333-8FDC-42A3-9474-1A3956D46DE8}") = "ApiGateways", "ApiGateways", "{815966E0-5F93-43D0-9DF8-A33C46696B9C}"
EndProject
Project("{9A19103F-16F7-4668-BE54-9A1E7A4F7556}") = "Common.Logging", "src\BuildingBlocks\Common.Logging\Common.Logging.csproj", "{5B688F1D-2316-4AB5-BE47-DD3B70662EB5}"
EndProject
Project("{9A19103F-16F7-4668-BE54-9A1E7A4F7556}") = "Contracts", "src\BuildingBlocks\Contracts\Contracts.csproj", "{63F824EF-D3EA-4E79-8241-0E8139B44B8D}"
EndProject
Project("{9A19103F-16F7-4668-BE54-9A1E7A4F7556}") = "Infrastructure", "src\BuildingBlocks\Infrastructure\Infrastructure.csproj", "{283ABDA1-7BC1-4294-A2A6-ACE3203EDDF8}"
EndProject
Project("{9A19103F-16F7-4668-BE54-9A1E7A4F7556}") = "Shared", "src\BuildingBlocks\Shared\Shared.csproj", "{C9F46C40-9EC2-4CF3-8A40-BAF254BD9E71}"
EndProject
Project("{2150E333-8FDC-42A3-9474-1A3956D46DE8}") = "Solution Items", "Solution Items", "{D8588061-803A-4C35-8317-098146CF04AE}"
	ProjectSection(SolutionItems) = preProject
		src\docker-compose-not-api.override.yml = src\docker-compose-not-api.override.yml
		src\docker-compose-not-api.yml = src\docker-compose-not-api.yml
		src\docker-compose.override.yml = src\docker-compose.override.yml
		src\docker-compose.yml = src\docker-compose.yml
		global.json = global.json
		README.md = README.md
	EndProjectSection
EndProject
Project("{2150E333-8FDC-42A3-9474-1A3956D46DE8}") = "EventBus", "EventBus", "{BA4C559F-7E47-4C9B-B85B-C49F2C2CB9C0}"
EndProject
Project("{9A19103F-16F7-4668-BE54-9A1E7A4F7556}") = "EventBus.Messages", "src\BuildingBlocks\EventBus\EventBus.Messages\EventBus.Messages.csproj", "{A9277EE2-8C89-412C-B290-364742B171E1}"
EndProject
Project("{2150E333-8FDC-42A3-9474-1A3956D46DE8}") = "Customer", "Customer", "{65232C6A-EDDC-4D02-B1B4-7C254F2853A2}"
EndProject
Project("{9A19103F-16F7-4668-BE54-9A1E7A4F7556}") = "Customer.API", "src\Services\Customer.API\Customer.API.csproj", "{EE4A37A2-1F50-4E7A-A46C-35ED5E0A6E44}"
EndProject
Project("{2150E333-8FDC-42A3-9474-1A3956D46DE8}") = "Basket", "Basket", "{D482B7BF-ACF2-4524-86DB-1C960DF864AA}"
EndProject
Project("{9A19103F-16F7-4668-BE54-9A1E7A4F7556}") = "Basket.API", "src\Services\Basket.API\Basket.API.csproj", "{0E689263-062E-4E27-B250-A94C7122765B}"
EndProject
Project("{9A19103F-16F7-4668-BE54-9A1E7A4F7556}") = "Inventory.Grpc", "src\Services\Inventory\Inventory.Grpc\Inventory.Grpc.csproj", "{7755A985-52B2-4191-B258-3873473B76F4}"
EndProject
Project("{9A19103F-16F7-4668-BE54-9A1E7A4F7556}") = "OcelotApiGw", "src\ApiGateways\OcelotApiGw\OcelotApiGw.csproj", "{C05BDA03-A822-41A7-8B91-59ADB342A946}"
EndProject
Project("{2150E333-8FDC-42A3-9474-1A3956D46DE8}") = "Saga.Orchestrator", "Saga.Orchestrator", "{39105C58-2B9D-42F6-8965-4EC034BCAC4F}"
EndProject
Project("{9A19103F-16F7-4668-BE54-9A1E7A4F7556}") = "Saga.Orchestrator", "src\Saga.Orchestrator\Saga.Orchestrator\Saga.Orchestrator.csproj", "{20BA3CC4-1E88-434C-8E75-24EA1E740AB6}"
EndProject
Project("{2150E333-8FDC-42A3-9474-1A3956D46DE8}") = "Ordering", "Ordering", "{062ED1E9-44C7-4812-8CEA-840A472BD4B4}"
EndProject
Project("{9A19103F-16F7-4668-BE54-9A1E7A4F7556}") = "Ordering.API", "src\Services\Ordering\Ordering.API\Ordering.API.csproj", "{B310B460-7E36-4990-82AF-86CF60AEB610}"
EndProject
Project("{9A19103F-16F7-4668-BE54-9A1E7A4F7556}") = "Ordering.Application", "src\Services\Ordering\Ordering.Application\Ordering.Application.csproj", "{A9FFBF91-255D-4EA9-ADD5-C17B196EFCC5}"
EndProject
Project("{9A19103F-16F7-4668-BE54-9A1E7A4F7556}") = "Ordering.Domain", "src\Services\Ordering\Ordering.Domain\Ordering.Domain.csproj", "{F8B71F26-2AD5-4227-B304-6E49FD0A31A5}"
EndProject
Project("{9A19103F-16F7-4668-BE54-9A1E7A4F7556}") = "Ordering.Infrastructure", "src\Services\Ordering\Ordering.Infrastructure\Ordering.Infrastructure.csproj", "{E007B105-2BC2-4CA9-B5C2-429FB900D75E}"
EndProject
Global
	GlobalSection(SolutionConfigurationPlatforms) = preSolution
		Debug|Any CPU = Debug|Any CPU
		Release|Any CPU = Release|Any CPU
	EndGlobalSection
	GlobalSection(ProjectConfigurationPlatforms) = postSolution
		{1F53F761-52F8-4E8A-8075-851C4A1AC6C4}.Debug|Any CPU.ActiveCfg = Debug|Any CPU
		{1F53F761-52F8-4E8A-8075-851C4A1AC6C4}.Debug|Any CPU.Build.0 = Debug|Any CPU
		{1F53F761-52F8-4E8A-8075-851C4A1AC6C4}.Release|Any CPU.ActiveCfg = Release|Any CPU
		{1F53F761-52F8-4E8A-8075-851C4A1AC6C4}.Release|Any CPU.Build.0 = Release|Any CPU
		{013C5997-FC17-4B81-B6D4-2F52834A2CD7}.Debug|Any CPU.ActiveCfg = Debug|Any CPU
		{013C5997-FC17-4B81-B6D4-2F52834A2CD7}.Debug|Any CPU.Build.0 = Debug|Any CPU
		{013C5997-FC17-4B81-B6D4-2F52834A2CD7}.Release|Any CPU.ActiveCfg = Release|Any CPU
		{013C5997-FC17-4B81-B6D4-2F52834A2CD7}.Release|Any CPU.Build.0 = Release|Any CPU
		{FD752B71-AB47-46A1-92AE-BB31F08E792C}.Debug|Any CPU.ActiveCfg = Debug|Any CPU
		{FD752B71-AB47-46A1-92AE-BB31F08E792C}.Debug|Any CPU.Build.0 = Debug|Any CPU
		{FD752B71-AB47-46A1-92AE-BB31F08E792C}.Release|Any CPU.ActiveCfg = Release|Any CPU
		{FD752B71-AB47-46A1-92AE-BB31F08E792C}.Release|Any CPU.Build.0 = Release|Any CPU
		{5B688F1D-2316-4AB5-BE47-DD3B70662EB5}.Debug|Any CPU.ActiveCfg = Debug|Any CPU
		{5B688F1D-2316-4AB5-BE47-DD3B70662EB5}.Debug|Any CPU.Build.0 = Debug|Any CPU
		{5B688F1D-2316-4AB5-BE47-DD3B70662EB5}.Release|Any CPU.ActiveCfg = Release|Any CPU
		{5B688F1D-2316-4AB5-BE47-DD3B70662EB5}.Release|Any CPU.Build.0 = Release|Any CPU
		{63F824EF-D3EA-4E79-8241-0E8139B44B8D}.Debug|Any CPU.ActiveCfg = Debug|Any CPU
		{63F824EF-D3EA-4E79-8241-0E8139B44B8D}.Debug|Any CPU.Build.0 = Debug|Any CPU
		{63F824EF-D3EA-4E79-8241-0E8139B44B8D}.Release|Any CPU.ActiveCfg = Release|Any CPU
		{63F824EF-D3EA-4E79-8241-0E8139B44B8D}.Release|Any CPU.Build.0 = Release|Any CPU
		{283ABDA1-7BC1-4294-A2A6-ACE3203EDDF8}.Debug|Any CPU.ActiveCfg = Debug|Any CPU
		{283ABDA1-7BC1-4294-A2A6-ACE3203EDDF8}.Debug|Any CPU.Build.0 = Debug|Any CPU
		{283ABDA1-7BC1-4294-A2A6-ACE3203EDDF8}.Release|Any CPU.ActiveCfg = Release|Any CPU
		{283ABDA1-7BC1-4294-A2A6-ACE3203EDDF8}.Release|Any CPU.Build.0 = Release|Any CPU
		{C9F46C40-9EC2-4CF3-8A40-BAF254BD9E71}.Debug|Any CPU.ActiveCfg = Debug|Any CPU
		{C9F46C40-9EC2-4CF3-8A40-BAF254BD9E71}.Debug|Any CPU.Build.0 = Debug|Any CPU
		{C9F46C40-9EC2-4CF3-8A40-BAF254BD9E71}.Release|Any CPU.ActiveCfg = Release|Any CPU
		{C9F46C40-9EC2-4CF3-8A40-BAF254BD9E71}.Release|Any CPU.Build.0 = Release|Any CPU
		{A9277EE2-8C89-412C-B290-364742B171E1}.Debug|Any CPU.ActiveCfg = Debug|Any CPU
		{A9277EE2-8C89-412C-B290-364742B171E1}.Debug|Any CPU.Build.0 = Debug|Any CPU
		{A9277EE2-8C89-412C-B290-364742B171E1}.Release|Any CPU.ActiveCfg = Release|Any CPU
		{A9277EE2-8C89-412C-B290-364742B171E1}.Release|Any CPU.Build.0 = Release|Any CPU
		{EE4A37A2-1F50-4E7A-A46C-35ED5E0A6E44}.Debug|Any CPU.ActiveCfg = Debug|Any CPU
		{EE4A37A2-1F50-4E7A-A46C-35ED5E0A6E44}.Debug|Any CPU.Build.0 = Debug|Any CPU
		{EE4A37A2-1F50-4E7A-A46C-35ED5E0A6E44}.Release|Any CPU.ActiveCfg = Release|Any CPU
		{EE4A37A2-1F50-4E7A-A46C-35ED5E0A6E44}.Release|Any CPU.Build.0 = Release|Any CPU
		{0E689263-062E-4E27-B250-A94C7122765B}.Debug|Any CPU.ActiveCfg = Debug|Any CPU
		{0E689263-062E-4E27-B250-A94C7122765B}.Debug|Any CPU.Build.0 = Debug|Any CPU
		{0E689263-062E-4E27-B250-A94C7122765B}.Release|Any CPU.ActiveCfg = Release|Any CPU
		{0E689263-062E-4E27-B250-A94C7122765B}.Release|Any CPU.Build.0 = Release|Any CPU
		{7755A985-52B2-4191-B258-3873473B76F4}.Debug|Any CPU.ActiveCfg = Debug|Any CPU
		{7755A985-52B2-4191-B258-3873473B76F4}.Debug|Any CPU.Build.0 = Debug|Any CPU
		{7755A985-52B2-4191-B258-3873473B76F4}.Release|Any CPU.ActiveCfg = Release|Any CPU
		{7755A985-52B2-4191-B258-3873473B76F4}.Release|Any CPU.Build.0 = Release|Any CPU
		{C05BDA03-A822-41A7-8B91-59ADB342A946}.Debug|Any CPU.ActiveCfg = Debug|Any CPU
		{C05BDA03-A822-41A7-8B91-59ADB342A946}.Debug|Any CPU.Build.0 = Debug|Any CPU
		{C05BDA03-A822-41A7-8B91-59ADB342A946}.Release|Any CPU.ActiveCfg = Release|Any CPU
		{C05BDA03-A822-41A7-8B91-59ADB342A946}.Release|Any CPU.Build.0 = Release|Any CPU
		{20BA3CC4-1E88-434C-8E75-24EA1E740AB6}.Debug|Any CPU.ActiveCfg = Debug|Any CPU
		{20BA3CC4-1E88-434C-8E75-24EA1E740AB6}.Debug|Any CPU.Build.0 = Debug|Any CPU
		{20BA3CC4-1E88-434C-8E75-24EA1E740AB6}.Release|Any CPU.ActiveCfg = Release|Any CPU
		{20BA3CC4-1E88-434C-8E75-24EA1E740AB6}.Release|Any CPU.Build.0 = Release|Any CPU
		{B310B460-7E36-4990-82AF-86CF60AEB610}.Debug|Any CPU.ActiveCfg = Debug|Any CPU
		{B310B460-7E36-4990-82AF-86CF60AEB610}.Debug|Any CPU.Build.0 = Debug|Any CPU
		{B310B460-7E36-4990-82AF-86CF60AEB610}.Release|Any CPU.ActiveCfg = Release|Any CPU
		{B310B460-7E36-4990-82AF-86CF60AEB610}.Release|Any CPU.Build.0 = Release|Any CPU
		{A9FFBF91-255D-4EA9-ADD5-C17B196EFCC5}.Debug|Any CPU.ActiveCfg = Debug|Any CPU
		{A9FFBF91-255D-4EA9-ADD5-C17B196EFCC5}.Debug|Any CPU.Build.0 = Debug|Any CPU
		{A9FFBF91-255D-4EA9-ADD5-C17B196EFCC5}.Release|Any CPU.ActiveCfg = Release|Any CPU
		{A9FFBF91-255D-4EA9-ADD5-C17B196EFCC5}.Release|Any CPU.Build.0 = Release|Any CPU
		{F8B71F26-2AD5-4227-B304-6E49FD0A31A5}.Debug|Any CPU.ActiveCfg = Debug|Any CPU
		{F8B71F26-2AD5-4227-B304-6E49FD0A31A5}.Debug|Any CPU.Build.0 = Debug|Any CPU
		{F8B71F26-2AD5-4227-B304-6E49FD0A31A5}.Release|Any CPU.ActiveCfg = Release|Any CPU
		{F8B71F26-2AD5-4227-B304-6E49FD0A31A5}.Release|Any CPU.Build.0 = Release|Any CPU
		{E007B105-2BC2-4CA9-B5C2-429FB900D75E}.Debug|Any CPU.ActiveCfg = Debug|Any CPU
		{E007B105-2BC2-4CA9-B5C2-429FB900D75E}.Debug|Any CPU.Build.0 = Debug|Any CPU
		{E007B105-2BC2-4CA9-B5C2-429FB900D75E}.Release|Any CPU.ActiveCfg = Release|Any CPU
		{E007B105-2BC2-4CA9-B5C2-429FB900D75E}.Release|Any CPU.Build.0 = Release|Any CPU
	EndGlobalSection
	GlobalSection(SolutionProperties) = preSolution
		HideSolutionNode = FALSE
	EndGlobalSection
	GlobalSection(NestedProjects) = preSolution
		{1AA01AC0-FD32-47D5-B7B9-55C551A5A936} = {6A546D87-40D0-4BC6-AC5C-47619DB257E5}
		{90D01049-6203-4AF1-A73E-527484752BB9} = {6A546D87-40D0-4BC6-AC5C-47619DB257E5}
		{1E89037C-C01C-4C7E-B195-A1FA41ADF3C4} = {1AA01AC0-FD32-47D5-B7B9-55C551A5A936}
		{8F787503-551A-41C7-8E37-B1FA9189059E} = {1AA01AC0-FD32-47D5-B7B9-55C551A5A936}
		{1F53F761-52F8-4E8A-8075-851C4A1AC6C4} = {90D01049-6203-4AF1-A73E-527484752BB9}
		{013C5997-FC17-4B81-B6D4-2F52834A2CD7} = {8F787503-551A-41C7-8E37-B1FA9189059E}
		{EE1F605B-67C1-40B5-8501-AE8AF3F0EC77} = {1AA01AC0-FD32-47D5-B7B9-55C551A5A936}
		{FD752B71-AB47-46A1-92AE-BB31F08E792C} = {EE1F605B-67C1-40B5-8501-AE8AF3F0EC77}
		{15436031-AD1F-4C3D-91ED-2A1CF9911A11} = {6A546D87-40D0-4BC6-AC5C-47619DB257E5}
		{815966E0-5F93-43D0-9DF8-A33C46696B9C} = {6A546D87-40D0-4BC6-AC5C-47619DB257E5}
		{5B688F1D-2316-4AB5-BE47-DD3B70662EB5} = {15436031-AD1F-4C3D-91ED-2A1CF9911A11}
		{63F824EF-D3EA-4E79-8241-0E8139B44B8D} = {15436031-AD1F-4C3D-91ED-2A1CF9911A11}
		{283ABDA1-7BC1-4294-A2A6-ACE3203EDDF8} = {15436031-AD1F-4C3D-91ED-2A1CF9911A11}
		{C9F46C40-9EC2-4CF3-8A40-BAF254BD9E71} = {15436031-AD1F-4C3D-91ED-2A1CF9911A11}
		{BA4C559F-7E47-4C9B-B85B-C49F2C2CB9C0} = {15436031-AD1F-4C3D-91ED-2A1CF9911A11}
		{A9277EE2-8C89-412C-B290-364742B171E1} = {BA4C559F-7E47-4C9B-B85B-C49F2C2CB9C0}
		{65232C6A-EDDC-4D02-B1B4-7C254F2853A2} = {1AA01AC0-FD32-47D5-B7B9-55C551A5A936}
		{EE4A37A2-1F50-4E7A-A46C-35ED5E0A6E44} = {65232C6A-EDDC-4D02-B1B4-7C254F2853A2}
		{D482B7BF-ACF2-4524-86DB-1C960DF864AA} = {1AA01AC0-FD32-47D5-B7B9-55C551A5A936}
		{0E689263-062E-4E27-B250-A94C7122765B} = {D482B7BF-ACF2-4524-86DB-1C960DF864AA}
		{7755A985-52B2-4191-B258-3873473B76F4} = {1E89037C-C01C-4C7E-B195-A1FA41ADF3C4}
		{C05BDA03-A822-41A7-8B91-59ADB342A946} = {815966E0-5F93-43D0-9DF8-A33C46696B9C}
		{39105C58-2B9D-42F6-8965-4EC034BCAC4F} = {6A546D87-40D0-4BC6-AC5C-47619DB257E5}
		{20BA3CC4-1E88-434C-8E75-24EA1E740AB6} = {39105C58-2B9D-42F6-8965-4EC034BCAC4F}
		{062ED1E9-44C7-4812-8CEA-840A472BD4B4} = {1AA01AC0-FD32-47D5-B7B9-55C551A5A936}
		{B310B460-7E36-4990-82AF-86CF60AEB610} = {062ED1E9-44C7-4812-8CEA-840A472BD4B4}
		{A9FFBF91-255D-4EA9-ADD5-C17B196EFCC5} = {062ED1E9-44C7-4812-8CEA-840A472BD4B4}
		{F8B71F26-2AD5-4227-B304-6E49FD0A31A5} = {062ED1E9-44C7-4812-8CEA-840A472BD4B4}
		{E007B105-2BC2-4CA9-B5C2-429FB900D75E} = {062ED1E9-44C7-4812-8CEA-840A472BD4B4}
	EndGlobalSection
	GlobalSection(ExtensibilityGlobals) = postSolution
		SolutionGuid = {18CA0EC1-EE00-4989-B44A-4A7A97374608}
	EndGlobalSection
EndGlobal
